<?xml version="1.0" encoding="utf-8"?>
<Project ToolsVersion="4.0" xmlns="http://schemas.microsoft.com/developer/msbuild/2003">
  <ItemGroup>
    <Filter Include="Pliki źródłowe">
      <UniqueIdentifier>{4FC737F1-C7A5-4376-A066-2A32D752A2FF}</UniqueIdentifier>
      <Extensions>cpp;c;cc;cxx;c++;def;odl;idl;hpj;bat;asm;asmx</Extensions>
    </Filter>
    <Filter Include="Pliki nagłówkowe">
      <UniqueIdentifier>{93995380-89BD-4b04-88EB-625FBE52EBFB}</UniqueIdentifier>
      <Extensions>h;hh;hpp;hxx;h++;hm;inl;inc;ipp;xsd</Extensions>
    </Filter>
    <Filter Include="Pliki zasobów">
      <UniqueIdentifier>{67DA6AB6-F800-4c08-8B7A-83BB121AAD01}</UniqueIdentifier>
      <Extensions>rc;ico;cur;bmp;dlg;rc2;rct;bin;rgs;gif;jpg;jpeg;jpe;resx;tiff;tif;png;wav;mfcribbon-ms</Extensions>
    </Filter>
    <Filter Include="Pliki nagłówkowe\engine">
      <UniqueIdentifier>{c0966102-cb9a-48a6-9c22-3305d31605d8}</UniqueIdentifier>
    </Filter>
    <Filter Include="Pliki nagłówkowe\game">
      <UniqueIdentifier>{40d36a2e-a242-4aa3-976f-cf4abd8c4201}</UniqueIdentifier>
    </Filter>
    <Filter Include="Pliki nagłówkowe\engine\graphics">
      <UniqueIdentifier>{a8fffc39-6358-47a0-8304-fbfa5f060ff6}</UniqueIdentifier>
    </Filter>
    <Filter Include="Pliki nagłówkowe\engine\ui">
      <UniqueIdentifier>{84824015-8bc6-4040-913e-ff57b7764b24}</UniqueIdentifier>
    </Filter>
    <Filter Include="Pliki nagłówkowe\game\world">
      <UniqueIdentifier>{4ce77580-4b87-410c-8eea-45b2e2765c39}</UniqueIdentifier>
    </Filter>
    <Filter Include="Pliki nagłówkowe\game\ui">
      <UniqueIdentifier>{c36a96f2-5d21-4eea-9711-488ef8e7c579}</UniqueIdentifier>
    </Filter>
    <Filter Include="Pliki nagłówkowe\game\physics">
      <UniqueIdentifier>{0f95b96e-2a97-4f73-bc75-79b66f548f12}</UniqueIdentifier>
    </Filter>
    <Filter Include="Pliki nagłówkowe\game\items">
      <UniqueIdentifier>{260d5b39-dd46-4476-b41f-99540cf1f9ae}</UniqueIdentifier>
    </Filter>
    <Filter Include="Pliki nagłówkowe\game\graphics">
      <UniqueIdentifier>{dc309a51-71da-4c90-a0d4-425acdd52f83}</UniqueIdentifier>
    </Filter>
    <Filter Include="Pliki nagłówkowe\game\core">
      <UniqueIdentifier>{d0c9123f-9b8f-4c3a-83ec-f167d5e7d2e0}</UniqueIdentifier>
    </Filter>
    <Filter Include="Pliki nagłówkowe\game\entity">
      <UniqueIdentifier>{1c865366-2d0c-48b1-ac03-896903a5f9d6}</UniqueIdentifier>
    </Filter>
    <Filter Include="Pliki nagłówkowe\engine\window">
      <UniqueIdentifier>{9a022fef-59ea-4951-95de-d4a2a50c4824}</UniqueIdentifier>
    </Filter>
    <Filter Include="Pliki nagłówkowe\engine\core">
      <UniqueIdentifier>{7a85d1f6-25bf-4cae-a7a4-699921322b33}</UniqueIdentifier>
    </Filter>
    <Filter Include="Pliki nagłówkowe\engine\util">
      <UniqueIdentifier>{125699b5-d25d-434c-a937-7d3872597139}</UniqueIdentifier>
    </Filter>
    <Filter Include="Pliki źródłowe\engine">
      <UniqueIdentifier>{881daf2f-9c0e-4a02-939e-3aa3a5efca01}</UniqueIdentifier>
    </Filter>
    <Filter Include="Pliki źródłowe\game">
      <UniqueIdentifier>{191518d9-3767-491e-85e1-4e96ba40e6a4}</UniqueIdentifier>
    </Filter>
    <Filter Include="Pliki źródłowe\game\world">
      <UniqueIdentifier>{8b02b720-c2c5-406d-8943-a348aa22a937}</UniqueIdentifier>
    </Filter>
    <Filter Include="Pliki źródłowe\game\ui">
      <UniqueIdentifier>{52d07b3a-a89a-4aeb-8eca-d8124812ea46}</UniqueIdentifier>
    </Filter>
    <Filter Include="Pliki źródłowe\game\physics">
      <UniqueIdentifier>{3b56c536-ae67-45df-9325-2c63b58cd970}</UniqueIdentifier>
    </Filter>
    <Filter Include="Pliki źródłowe\game\items">
      <UniqueIdentifier>{085a3a2d-f28a-43ad-8397-7ef7001fd223}</UniqueIdentifier>
    </Filter>
    <Filter Include="Pliki źródłowe\game\graphics">
      <UniqueIdentifier>{e9ab4965-d373-4700-97b2-fd7cf6cf2bb5}</UniqueIdentifier>
    </Filter>
    <Filter Include="Pliki źródłowe\game\entity">
      <UniqueIdentifier>{c4886f97-105c-4faa-a1be-c925de693006}</UniqueIdentifier>
    </Filter>
    <Filter Include="Pliki źródłowe\game\core">
      <UniqueIdentifier>{834ca06c-9f5c-4981-802d-7d8b809b751c}</UniqueIdentifier>
    </Filter>
    <Filter Include="Pliki źródłowe\engine\window">
      <UniqueIdentifier>{7e10a3c5-56f6-45f8-b78a-502c091a108d}</UniqueIdentifier>
    </Filter>
    <Filter Include="Pliki źródłowe\engine\util">
      <UniqueIdentifier>{c9bb12d7-f2c0-4921-a936-c6f07c8eb53d}</UniqueIdentifier>
    </Filter>
    <Filter Include="Pliki źródłowe\engine\core">
      <UniqueIdentifier>{98d11a26-0296-4de1-944f-0b7777997194}</UniqueIdentifier>
    </Filter>
    <Filter Include="Pliki źródłowe\engine\graphics">
      <UniqueIdentifier>{74483be5-b9ab-4d08-b70a-4d95c4fbbe62}</UniqueIdentifier>
    </Filter>
    <Filter Include="Pliki źródłowe\engine\ui">
      <UniqueIdentifier>{0e3940fd-13ff-4cc9-813b-70d52db59433}</UniqueIdentifier>
    </Filter>
  </ItemGroup>
  <ItemGroup>
    <ClCompile Include="src\Bloki.cpp">
      <Filter>Pliki źródłowe</Filter>
    </ClCompile>
    <ClCompile Include="src\engine\window\Window.cpp">
      <Filter>Pliki źródłowe\engine\window</Filter>
    </ClCompile>
    <ClCompile Include="src\engine\util\db_perlin.cpp">
      <Filter>Pliki źródłowe\engine\util</Filter>
    </ClCompile>
    <ClCompile Include="src\engine\util\Debug.cpp">
      <Filter>Pliki źródłowe\engine\util</Filter>
    </ClCompile>
    <ClCompile Include="src\engine\util\Math.cpp">
      <Filter>Pliki źródłowe\engine\util</Filter>
    </ClCompile>
    <ClCompile Include="src\game\world\Block.cpp">
      <Filter>Pliki źródłowe\game\world</Filter>
    </ClCompile>
    <ClCompile Include="src\game\world\Chunk.cpp">
      <Filter>Pliki źródłowe\game\world</Filter>
    </ClCompile>
    <ClCompile Include="src\game\world\ChunkGenerator.cpp">
      <Filter>Pliki źródłowe\game\world</Filter>
    </ClCompile>
    <ClCompile Include="src\game\physics\Rigidbody.cpp">
      <Filter>Pliki źródłowe\game\physics</Filter>
    </ClCompile>
    <ClCompile Include="src\game\physics\AABB.cpp">
      <Filter>Pliki źródłowe\game\physics</Filter>
    </ClCompile>
    <ClCompile Include="src\game\physics\BlockRay.cpp">
      <Filter>Pliki źródłowe\game\physics</Filter>
    </ClCompile>
    <ClCompile Include="src\game\core\Application.cpp">
      <Filter>Pliki źródłowe\game\core</Filter>
    </ClCompile>
    <ClCompile Include="src\engine\util\Direction.cpp">
      <Filter>Pliki źródłowe\engine\util</Filter>
    </ClCompile>
    <ClCompile Include="src\game\entity\DroppedItem.cpp">
      <Filter>Pliki źródłowe\game\entity</Filter>
    </ClCompile>
    <ClCompile Include="src\game\world\LoadedChunks.cpp">
      <Filter>Pliki źródłowe\game\world</Filter>
    </ClCompile>
    <ClCompile Include="src\game\world\ChunkFileLoader.cpp">
      <Filter>Pliki źródłowe\game\world</Filter>
    </ClCompile>
    <ClCompile Include="src\game\core\Player.cpp">
      <Filter>Pliki źródłowe\game\core</Filter>
    </ClCompile>
    <ClCompile Include="src\game\entity\Entity.cpp">
      <Filter>Pliki źródłowe\game\entity</Filter>
    </ClCompile>
    <ClCompile Include="src\game\ui\InventoryUI.cpp">
      <Filter>Pliki źródłowe\game\ui</Filter>
    </ClCompile>
    <ClCompile Include="src\game\items\Inventory.cpp">
      <Filter>Pliki źródłowe\game\items</Filter>
    </ClCompile>
    <ClCompile Include="src\game\items\Item.cpp">
      <Filter>Pliki źródłowe\game\items</Filter>
    </ClCompile>
    <ClCompile Include="src\game\core\UIManager.cpp">
      <Filter>Pliki źródłowe\game\core</Filter>
    </ClCompile>
    <ClCompile Include="src\game\ui\Crosshair.cpp">
      <Filter>Pliki źródłowe\game\ui</Filter>
    </ClCompile>
    <ClCompile Include="src\engine\window\Input.cpp">
      <Filter>Pliki źródłowe\engine\window</Filter>
    </ClCompile>
    <ClCompile Include="src\game\items\FoodItem.cpp">
      <Filter>Pliki źródłowe\game\items</Filter>
    </ClCompile>
    <ClCompile Include="src\game\items\BlockItem.cpp">
      <Filter>Pliki źródłowe\game\items</Filter>
    </ClCompile>
    <ClCompile Include="src\game\ui\ItemQuad.cpp">
      <Filter>Pliki źródłowe\game\ui</Filter>
    </ClCompile>
    <ClCompile Include="src\game\ui\ItemSlot.cpp">
      <Filter>Pliki źródłowe\game\ui</Filter>
    </ClCompile>
    <ClCompile Include="src\game\ui\MouseHolder.cpp">
      <Filter>Pliki źródłowe\game\ui</Filter>
    </ClCompile>
    <ClCompile Include="src\engine\window\WindowsMouse.cpp">
      <Filter>Pliki źródłowe\engine\window</Filter>
    </ClCompile>
    <ClCompile Include="src\engine\window\WindowsKeyboard.cpp">
      <Filter>Pliki źródłowe\engine\window</Filter>
    </ClCompile>
    <ClCompile Include="src\game\graphics\DroppedItemRenderer.cpp">
      <Filter>Pliki źródłowe\game\graphics</Filter>
    </ClCompile>
    <ClCompile Include="src\engine\ui\Button.cpp">
      <Filter>Pliki źródłowe\engine\ui</Filter>
    </ClCompile>
    <ClCompile Include="src\engine\ui\Canvas.cpp">
      <Filter>Pliki źródłowe\engine\ui</Filter>
    </ClCompile>
    <ClCompile Include="src\engine\ui\Group.cpp">
      <Filter>Pliki źródłowe\engine\ui</Filter>
    </ClCompile>
    <ClCompile Include="src\engine\ui\PrimitiveBuffer.cpp">
      <Filter>Pliki źródłowe\engine\ui</Filter>
    </ClCompile>
    <ClCompile Include="src\engine\ui\Text.cpp">
      <Filter>Pliki źródłowe\engine\ui</Filter>
    </ClCompile>
    <ClCompile Include="src\engine\ui\UIRender.cpp">
      <Filter>Pliki źródłowe\engine\ui</Filter>
    </ClCompile>
    <ClCompile Include="src\engine\ui\Widget.cpp">
      <Filter>Pliki źródłowe\engine\ui</Filter>
    </ClCompile>
    <ClCompile Include="src\engine\graphics\AtlasTexture.cpp">
      <Filter>Pliki źródłowe\engine\graphics</Filter>
    </ClCompile>
    <ClCompile Include="src\engine\graphics\Camera3D.cpp">
      <Filter>Pliki źródłowe\engine\graphics</Filter>
    </ClCompile>
    <ClCompile Include="src\engine\graphics\CubemapTexture.cpp">
      <Filter>Pliki źródłowe\engine\graphics</Filter>
    </ClCompile>
    <ClCompile Include="src\engine\graphics\ElementBuffer.cpp">
      <Filter>Pliki źródłowe\engine\graphics</Filter>
    </ClCompile>
    <ClCompile Include="src\engine\graphics\ErrorCheck.cpp">
      <Filter>Pliki źródłowe\engine\graphics</Filter>
    </ClCompile>
    <ClCompile Include="src\engine\graphics\Font.cpp">
      <Filter>Pliki źródłowe\engine\graphics</Filter>
    </ClCompile>
    <ClCompile Include="src\engine\graphics\ImageTexture.cpp">
      <Filter>Pliki źródłowe\engine\graphics</Filter>
    </ClCompile>
    <ClCompile Include="src\engine\graphics\Rectangle.cpp">
      <Filter>Pliki źródłowe\engine\graphics</Filter>
    </ClCompile>
    <ClCompile Include="src\engine\graphics\RenderingContext.cpp">
      <Filter>Pliki źródłowe\engine\graphics</Filter>
    </ClCompile>
    <ClCompile Include="src\engine\graphics\ShaderProgram.cpp">
      <Filter>Pliki źródłowe\engine\graphics</Filter>
    </ClCompile>
    <ClCompile Include="src\engine\graphics\stb_image.cpp">
      <Filter>Pliki źródłowe\engine\graphics</Filter>
    </ClCompile>
    <ClCompile Include="src\engine\graphics\Texture.cpp">
      <Filter>Pliki źródłowe\engine\graphics</Filter>
    </ClCompile>
    <ClCompile Include="src\engine\graphics\Vertex.cpp">
      <Filter>Pliki źródłowe\engine\graphics</Filter>
    </ClCompile>
    <ClCompile Include="src\engine\graphics\VertexArray.cpp">
      <Filter>Pliki źródłowe\engine\graphics</Filter>
    </ClCompile>
    <ClCompile Include="src\engine\graphics\VertexBuffer.cpp">
      <Filter>Pliki źródłowe\engine\graphics</Filter>
    </ClCompile>
    <ClCompile Include="src\game\graphics\ChunkRenderer.cpp">
      <Filter>Pliki źródłowe\game\graphics</Filter>
    </ClCompile>
    <ClCompile Include="src\game\graphics\WorldRenderer.cpp">
      <Filter>Pliki źródłowe\game\graphics</Filter>
    </ClCompile>
    <ClCompile Include="src\game\graphics\ChunkMesh.cpp">
      <Filter>Pliki źródłowe\game\graphics</Filter>
    </ClCompile>
    <ClCompile Include="src\engine\core\Renderer.cpp">
      <Filter>Pliki źródłowe\engine\core</Filter>
    </ClCompile>
    <ClCompile Include="src\engine\graphics\Framebuffer.cpp">
      <Filter>Pliki źródłowe\engine\graphics</Filter>
    </ClCompile>
    <ClCompile Include="src\game\graphics\ItemTextureProvider.cpp">
      <Filter>Pliki źródłowe\game\graphics</Filter>
    </ClCompile>
    <ClCompile Include="src\game\graphics\ConcreteItemTextureLoader.cpp">
      <Filter>Pliki źródłowe\game\graphics</Filter>
    </ClCompile>
    <ClCompile Include="src\game\graphics\BlockTextureProvider.cpp">
      <Filter>Pliki źródłowe\game\graphics</Filter>
    </ClCompile>
    <ClCompile Include="ConcreteBlockTextureLoader.cpp">
      <Filter>Pliki źródłowe\game\graphics</Filter>
    </ClCompile>
  </ItemGroup>
  <ItemGroup>
    <ClInclude Include="src\engine\util\Debug.hpp">
      <Filter>Pliki nagłówkowe\engine\util</Filter>
    </ClInclude>
    <ClInclude Include="src\engine\util\Math.hpp">
      <Filter>Pliki nagłówkowe\engine\util</Filter>
    </ClInclude>
    <ClInclude Include="src\engine\window\Window.hpp">
      <Filter>Pliki nagłówkowe\engine\window</Filter>
    </ClInclude>
    <ClInclude Include="src\game\world\Block.hpp">
      <Filter>Pliki nagłówkowe\game\world</Filter>
    </ClInclude>
    <ClInclude Include="src\game\world\LoadedChunks.hpp">
      <Filter>Pliki nagłówkowe\game\world</Filter>
    </ClInclude>
    <ClInclude Include="src\game\world\Chunk.hpp">
      <Filter>Pliki nagłówkowe\game\world</Filter>
    </ClInclude>
    <ClInclude Include="src\game\world\BlockArray.hpp">
      <Filter>Pliki nagłówkowe\game\world</Filter>
    </ClInclude>
    <ClInclude Include="src\game\world\ChunkGenerator.hpp">
      <Filter>Pliki nagłówkowe\game\world</Filter>
    </ClInclude>
    <ClInclude Include="src\game\physics\Rigidbody.hpp">
      <Filter>Pliki nagłówkowe\game\physics</Filter>
    </ClInclude>
    <ClInclude Include="src\game\physics\AABB.hpp">
      <Filter>Pliki nagłówkowe\game\physics</Filter>
    </ClInclude>
    <ClInclude Include="src\game\physics\BlockRay.hpp">
      <Filter>Pliki nagłówkowe\game\physics</Filter>
    </ClInclude>
    <ClInclude Include="src\game\world\BlockManager.hpp">
      <Filter>Pliki nagłówkowe\game\world</Filter>
    </ClInclude>
    <ClInclude Include="src\game\core\Application.hpp">
      <Filter>Pliki nagłówkowe\game\core</Filter>
    </ClInclude>
    <ClInclude Include="src\game\physics\Transform.hpp">
      <Filter>Pliki nagłówkowe\game\physics</Filter>
    </ClInclude>
    <ClInclude Include="src\game\entity\DroppedItem.hpp">
      <Filter>Pliki nagłówkowe\game\entity</Filter>
    </ClInclude>
    <ClInclude Include="src\engine\util\Direction.hpp">
      <Filter>Pliki nagłówkowe\engine\util</Filter>
    </ClInclude>
    <ClInclude Include="src\game\entity\Entity.hpp">
      <Filter>Pliki nagłówkowe\game\entity</Filter>
    </ClInclude>
    <ClInclude Include="src\game\world\ChunkFileLoader.hpp">
      <Filter>Pliki nagłówkowe\game\world</Filter>
    </ClInclude>
    <ClInclude Include="src\game\core\Player.hpp">
      <Filter>Pliki nagłówkowe\game\core</Filter>
    </ClInclude>
    <ClInclude Include="src\engine\window\Input.hpp">
      <Filter>Pliki nagłówkowe\engine\window</Filter>
    </ClInclude>
    <ClInclude Include="src\game\items\Item.hpp">
      <Filter>Pliki nagłówkowe\game\items</Filter>
    </ClInclude>
    <ClInclude Include="src\game\items\Inventory.hpp">
      <Filter>Pliki nagłówkowe\game\items</Filter>
    </ClInclude>
    <ClInclude Include="src\game\ui\InventoryUI.hpp">
      <Filter>Pliki nagłówkowe\game\ui</Filter>
    </ClInclude>
    <ClInclude Include="src\game\core\UIManager.hpp">
      <Filter>Pliki nagłówkowe\game\core</Filter>
    </ClInclude>
    <ClInclude Include="src\game\ui\Crosshair.hpp">
      <Filter>Pliki nagłówkowe\game\ui</Filter>
    </ClInclude>
    <ClInclude Include="src\engine\util\Event.hpp">
      <Filter>Pliki nagłówkowe\engine\util</Filter>
    </ClInclude>
    <ClInclude Include="src\game\items\FoodItem.hpp">
      <Filter>Pliki nagłówkowe\game\items</Filter>
    </ClInclude>
    <ClInclude Include="src\game\items\BlockItem.hpp">
      <Filter>Pliki nagłówkowe\game\items</Filter>
    </ClInclude>
    <ClInclude Include="src\game\ui\ItemQuad.hpp">
      <Filter>Pliki nagłówkowe\game\ui</Filter>
    </ClInclude>
    <ClInclude Include="src\game\ui\ItemSlot.hpp">
      <Filter>Pliki nagłówkowe\game\ui</Filter>
    </ClInclude>
    <ClInclude Include="src\game\ui\MouseHolder.hpp">
      <Filter>Pliki nagłówkowe\game\ui</Filter>
    </ClInclude>
    <ClInclude Include="src\engine\window\WindowsMouse.hpp">
      <Filter>Pliki nagłówkowe\engine\window</Filter>
    </ClInclude>
    <ClInclude Include="src\engine\window\WindowsKeyboard.hpp">
      <Filter>Pliki nagłówkowe\engine\window</Filter>
    </ClInclude>
    <ClInclude Include="src\game\graphics\DroppedItemRenderer.hpp">
      <Filter>Pliki nagłówkowe\game\graphics</Filter>
    </ClInclude>
    <ClInclude Include="src\engine\graphics\AtlasTexture.hpp">
      <Filter>Pliki nagłówkowe\engine\graphics</Filter>
    </ClInclude>
    <ClInclude Include="src\engine\graphics\Buffer.hpp">
      <Filter>Pliki nagłówkowe\engine\graphics</Filter>
    </ClInclude>
    <ClInclude Include="src\engine\graphics\Camera.hpp">
      <Filter>Pliki nagłówkowe\engine\graphics</Filter>
    </ClInclude>
    <ClInclude Include="src\engine\graphics\Camera3D.hpp">
      <Filter>Pliki nagłówkowe\engine\graphics</Filter>
    </ClInclude>
    <ClInclude Include="src\engine\graphics\CubemapTexture.hpp">
      <Filter>Pliki nagłówkowe\engine\graphics</Filter>
    </ClInclude>
    <ClInclude Include="src\engine\graphics\ElementBuffer.hpp">
      <Filter>Pliki nagłówkowe\engine\graphics</Filter>
    </ClInclude>
    <ClInclude Include="src\engine\graphics\ErrorCheck.hpp">
      <Filter>Pliki nagłówkowe\engine\graphics</Filter>
    </ClInclude>
    <ClInclude Include="src\engine\graphics\Font.hpp">
      <Filter>Pliki nagłówkowe\engine\graphics</Filter>
    </ClInclude>
    <ClInclude Include="src\engine\graphics\ImageTexture.hpp">
      <Filter>Pliki nagłówkowe\engine\graphics</Filter>
    </ClInclude>
    <ClInclude Include="src\engine\graphics\Rectangle.hpp">
      <Filter>Pliki nagłówkowe\engine\graphics</Filter>
    </ClInclude>
    <ClInclude Include="src\engine\graphics\RenderingContext.hpp">
      <Filter>Pliki nagłówkowe\engine\graphics</Filter>
    </ClInclude>
    <ClInclude Include="src\engine\graphics\Texture.hpp">
      <Filter>Pliki nagłówkowe\engine\graphics</Filter>
    </ClInclude>
    <ClInclude Include="src\engine\graphics\ShaderProgram.hpp">
      <Filter>Pliki nagłówkowe\engine\graphics</Filter>
    </ClInclude>
    <ClInclude Include="src\engine\graphics\Vertex.hpp">
      <Filter>Pliki nagłówkowe\engine\graphics</Filter>
    </ClInclude>
    <ClInclude Include="src\engine\graphics\VertexBuffer.hpp">
      <Filter>Pliki nagłówkowe\engine\graphics</Filter>
    </ClInclude>
    <ClInclude Include="src\engine\graphics\VertexArray.hpp">
      <Filter>Pliki nagłówkowe\engine\graphics</Filter>
    </ClInclude>
    <ClInclude Include="src\engine\ui\Button.hpp">
      <Filter>Pliki nagłówkowe\engine\ui</Filter>
    </ClInclude>
    <ClInclude Include="src\engine\ui\Canvas.hpp">
      <Filter>Pliki nagłówkowe\engine\ui</Filter>
    </ClInclude>
    <ClInclude Include="src\engine\ui\Group.hpp">
      <Filter>Pliki nagłówkowe\engine\ui</Filter>
    </ClInclude>
    <ClInclude Include="src\engine\ui\PrimitiveBuffer.hpp">
      <Filter>Pliki nagłówkowe\engine\ui</Filter>
    </ClInclude>
    <ClInclude Include="src\engine\ui\Text.hpp">
      <Filter>Pliki nagłówkowe\engine\ui</Filter>
    </ClInclude>
    <ClInclude Include="src\engine\ui\Widget.hpp">
      <Filter>Pliki nagłówkowe\engine\ui</Filter>
    </ClInclude>
    <ClInclude Include="src\engine\core\Resource.hpp">
      <Filter>Pliki nagłówkowe\engine\core</Filter>
    </ClInclude>
    <ClInclude Include="src\engine\core\Renderer.hpp">
      <Filter>Pliki nagłówkowe\engine\core</Filter>
    </ClInclude>
    <ClInclude Include="src\engine\ui\UIRender.hpp">
      <Filter>Pliki nagłówkowe\engine\ui</Filter>
    </ClInclude>
    <ClInclude Include="src\game\graphics\WorldRenderer.hpp">
      <Filter>Pliki nagłówkowe\game\graphics</Filter>
    </ClInclude>
    <ClInclude Include="src\game\graphics\ChunkRenderer.hpp">
      <Filter>Pliki nagłówkowe\game\graphics</Filter>
    </ClInclude>
    <ClInclude Include="src\game\graphics\ChunkMesh.hpp">
      <Filter>Pliki nagłówkowe\game\graphics</Filter>
    </ClInclude>
    <ClInclude Include="src\engine\graphics\Framebuffer.hpp">
      <Filter>Pliki nagłówkowe\engine\graphics</Filter>
    </ClInclude>
    <ClInclude Include="src\game\graphics\ItemTextureProvider.hpp">
      <Filter>Pliki nagłówkowe\game\graphics</Filter>
    </ClInclude>
    <ClInclude Include="src\game\graphics\ConcreteItemTextureLoader.hpp">
      <Filter>Pliki nagłówkowe\game\graphics</Filter>
    </ClInclude>
    <ClInclude Include="src\game\graphics\BlockTextureProvider.hpp">
      <Filter>Pliki nagłówkowe\game\graphics</Filter>
    </ClInclude>
    <ClInclude Include="src\game\graphics\ConcreteBlockTextureLoader.hpp">
      <Filter>Pliki nagłówkowe\game\graphics</Filter>
    </ClInclude>
  </ItemGroup>
</Project>